
Microsoft Visual Studio Solution File, Format Version 12.00
# Visual Studio 15
VisualStudioVersion = 15.0.28307.438
MinimumVisualStudioVersion = 10.0.40219.1
Project("{888888A0-9F3D-457C-B088-3A5042F75D52}") = "pythonTest", "pythonTest\pythonTest.pyproj", "{BE87D52C-3552-441C-8DB6-9064D7BDB019}"
EndProject
Global
	GlobalSection(SolutionConfigurationPlatforms) = preSolution
		Debug|Any CPU = Debug|Any CPU
		Release|Any CPU = Release|Any CPU
	EndGlobalSection
	GlobalSection(ProjectConfigurationPlatforms) = postSolution
		{BE87D52C-3552-441C-8DB6-9064D7BDB019}.Debug|Any CPU.ActiveCfg = Debug|Any CPU
		{BE87D52C-3552-441C-8DB6-9064D7BDB019}.Release|Any CPU.ActiveCfg = Release|Any CPU
	EndGlobalSection
	GlobalSection(SolutionProperties) = preSolution
		HideSolutionNode = FALSE
	EndGlobalSection
	GlobalSection(ExtensibilityGlobals) = postSolution
		SolutionGuid = {69C210B7-8FBF-46AA-AC97-3198253BAF65}
	EndGlobalSection
EndGlobal
